
Microsoft Visual Studio Solution File, Format Version 11.00
# Visual Studio 2010
Project("{FAE04EC0-301F-11D3-BF4B-00C04F79EFBC}") = "WinForm", "WinForm.csproj", "{84FCC440-0076-4F08-BDD2-A0588660B69E}"
EndProject
Global
	GlobalSection(SolutionConfigurationPlatforms) = preSolution
		Debug|Any CPU = Debug|Any CPU
		Release|Any CPU = Release|Any CPU
	EndGlobalSection
	GlobalSection(ProjectConfigurationPlatforms) = postSolution
		{84FCC440-0076-4F08-BDD2-A0588660B69E}.Debug|Any CPU.ActiveCfg = Debug|Any CPU
		{84FCC440-0076-4F08-BDD2-A0588660B69E}.Debug|Any CPU.Build.0 = Debug|Any CPU
		{84FCC440-0076-4F08-BDD2-A0588660B69E}.Release|Any CPU.ActiveCfg = Release|Any CPU
		{84FCC440-0076-4F08-BDD2-A0588660B69E}.Release|Any CPU.Build.0 = Release|Any CPU
	EndGlobalSection
	GlobalSection(SolutionProperties) = preSolution
		HideSolutionNode = FALSE
	EndGlobalSection
EndGlobal
